// !$*UTF8*$!
{
	archiveVersion = 1;
	classes = {
	};
	objectVersion = 50;
	objects = {

/* Begin PBXBuildFile section */
		1811DB9A2549ACE80009472F /* triangle.cpp in Sources */ = {isa = PBXBuildFile; fileRef = 1811DB972549ACE70009472F /* triangle.cpp */; };
		181C48E825825FEA0005FF7A /* compute_example.cpp in Sources */ = {isa = PBXBuildFile; fileRef = 181C48E725825FEA0005FF7A /* compute_example.cpp */; };
		181C48EC258260280005FF7A /* VksBarrier.cpp in Sources */ = {isa = PBXBuildFile; fileRef = 181C48EB258260280005FF7A /* VksBarrier.cpp */; };
		181C48EE2582608A0005FF7A /* texture1.jpg in CopyFiles */ = {isa = PBXBuildFile; fileRef = 181C48ED258260840005FF7A /* texture1.jpg */; };
		181FBF6024F11596009A5874 /* VksFramebuffer.cpp in Sources */ = {isa = PBXBuildFile; fileRef = 181FBF5B24F11595009A5874 /* VksFramebuffer.cpp */; };
		181FBF6124F11596009A5874 /* VksTexture.cpp in Sources */ = {isa = PBXBuildFile; fileRef = 181FBF5C24F11595009A5874 /* VksTexture.cpp */; };
		181FBF6324F115BA009A5874 /* shaders in CopyFiles */ = {isa = PBXBuildFile; fileRef = 181FBF6224F115A6009A5874 /* shaders */; };
		1820FB3B24B9675D00053D94 /* libvulkan.1.2.131.dylib in Frameworks */ = {isa = PBXBuildFile; fileRef = 1820FB3924B9675D00053D94 /* libvulkan.1.2.131.dylib */; };
		1820FB3C24B9675D00053D94 /* libvulkan.1.dylib in Frameworks */ = {isa = PBXBuildFile; fileRef = 1820FB3A24B9675D00053D94 /* libvulkan.1.dylib */; };
		1820FB3D24B9677400053D94 /* libvulkan.1.2.131.dylib in CopyFiles */ = {isa = PBXBuildFile; fileRef = 1820FB3924B9675D00053D94 /* libvulkan.1.2.131.dylib */; settings = {ATTRIBUTES = (CodeSignOnCopy, ); }; };
		1820FB3E24B9677400053D94 /* libvulkan.1.dylib in CopyFiles */ = {isa = PBXBuildFile; fileRef = 1820FB3A24B9675D00053D94 /* libvulkan.1.dylib */; settings = {ATTRIBUTES = (CodeSignOnCopy, ); }; };
		183073272551944D00FBAF56 /* texture.jpg in CopyFiles */ = {isa = PBXBuildFile; fileRef = 183073262551944D00FBAF56 /* texture.jpg */; };
		1837BC5624D6638200A5B633 /* VksRenderPass.cpp in Sources */ = {isa = PBXBuildFile; fileRef = 1837BC5524D6638200A5B633 /* VksRenderPass.cpp */; };
		18E98EFB24BAB2CD00527066 /* VksGraphicPipeline.cpp in Sources */ = {isa = PBXBuildFile; fileRef = 18E98EF924BAB2CD00527066 /* VksGraphicPipeline.cpp */; };
		18E98EFE24BB08FB00527066 /* VksColorBlend.cpp in Sources */ = {isa = PBXBuildFile; fileRef = 18E98EFC24BB08FB00527066 /* VksColorBlend.cpp */; };
		18E98F0124BB115F00527066 /* VksDepthStencil.cpp in Sources */ = {isa = PBXBuildFile; fileRef = 18E98EFF24BB115F00527066 /* VksDepthStencil.cpp */; };
		4A254DC724B832C2002590CB /* VksBuffer.cpp in Sources */ = {isa = PBXBuildFile; fileRef = 4A254DC124B832C2002590CB /* VksBuffer.cpp */; };
		4A254DC824B832C2002590CB /* main.cpp in Sources */ = {isa = PBXBuildFile; fileRef = 4A254DC224B832C2002590CB /* main.cpp */; };
		4A254DC924B832C2002590CB /* VkEngine.cpp in Sources */ = {isa = PBXBuildFile; fileRef = 4A254DC324B832C2002590CB /* VkEngine.cpp */; };
		4A254DCA24B832C2002590CB /* VksShaderProgram.cpp in Sources */ = {isa = PBXBuildFile; fileRef = 4A254DC424B832C2002590CB /* VksShaderProgram.cpp */; };
		4A254DCB24B832C2002590CB /* VksSwapChain.cpp in Sources */ = {isa = PBXBuildFile; fileRef = 4A254DC524B832C2002590CB /* VksSwapChain.cpp */; };
		4A254DCC24B832C2002590CB /* VksCommand.cpp in Sources */ = {isa = PBXBuildFile; fileRef = 4A254DC624B832C2002590CB /* VksCommand.cpp */; };
		4A254DCF24B83364002590CB /* libglfw.3.3.dylib in Frameworks */ = {isa = PBXBuildFile; fileRef = 4A254DCE24B83364002590CB /* libglfw.3.3.dylib */; };
		4A254DD624B8337C002590CB /* libglfw.3.3.dylib in CopyFiles */ = {isa = PBXBuildFile; fileRef = 4A254DCE24B83364002590CB /* libglfw.3.3.dylib */; settings = {ATTRIBUTES = (CodeSignOnCopy, ); }; };
		4A254DD924B85505002590CB /* VksAttribute.cpp in Sources */ = {isa = PBXBuildFile; fileRef = 4A254DD824B85505002590CB /* VksAttribute.cpp */; };
/* End PBXBuildFile section */

/* Begin PBXCopyFilesBuildPhase section */
		4A254DAF24B8326D002590CB /* CopyFiles */ = {
			isa = PBXCopyFilesBuildPhase;
			buildActionMask = 12;
			dstPath = "";
			dstSubfolderSpec = 10;
			files = (
				181C48EE2582608A0005FF7A /* texture1.jpg in CopyFiles */,
				183073272551944D00FBAF56 /* texture.jpg in CopyFiles */,
				181FBF6324F115BA009A5874 /* shaders in CopyFiles */,
				1820FB3D24B9677400053D94 /* libvulkan.1.2.131.dylib in CopyFiles */,
				1820FB3E24B9677400053D94 /* libvulkan.1.dylib in CopyFiles */,
				4A254DD624B8337C002590CB /* libglfw.3.3.dylib in CopyFiles */,
			);
			runOnlyForDeploymentPostprocessing = 0;
		};
/* End PBXCopyFilesBuildPhase section */

/* Begin PBXFileReference section */
		1811DB962549ACE70009472F /* texture.cpp */ = {isa = PBXFileReference; fileEncoding = 4; lastKnownFileType = sourcecode.cpp.cpp; name = texture.cpp; path = ../../Demo/texture.cpp; sourceTree = "<group>"; };
		1811DB972549ACE70009472F /* triangle.cpp */ = {isa = PBXFileReference; fileEncoding = 4; lastKnownFileType = sourcecode.cpp.cpp; name = triangle.cpp; path = ../../Demo/triangle.cpp; sourceTree = "<group>"; };
		1811DB982549ACE70009472F /* depth_example.cpp */ = {isa = PBXFileReference; fileEncoding = 4; lastKnownFileType = sourcecode.cpp.cpp; name = depth_example.cpp; path = ../../Demo/depth_example.cpp; sourceTree = "<group>"; };
		181C48E725825FEA0005FF7A /* compute_example.cpp */ = {isa = PBXFileReference; fileEncoding = 4; lastKnownFileType = sourcecode.cpp.cpp; name = compute_example.cpp; path = ../../Demo/compute_example.cpp; sourceTree = "<group>"; };
		181C48E9258260100005FF7A /* VksCompute.hpp */ = {isa = PBXFileReference; lastKnownFileType = sourcecode.cpp.h; name = VksCompute.hpp; path = ../../VksCompute.hpp; sourceTree = "<group>"; };
		181C48EA258260280005FF7A /* VksBarrier.hpp */ = {isa = PBXFileReference; fileEncoding = 4; lastKnownFileType = sourcecode.cpp.h; name = VksBarrier.hpp; path = ../../VksBarrier.hpp; sourceTree = "<group>"; };
		181C48EB258260280005FF7A /* VksBarrier.cpp */ = {isa = PBXFileReference; fileEncoding = 4; lastKnownFileType = sourcecode.cpp.cpp; name = VksBarrier.cpp; path = ../../VksBarrier.cpp; sourceTree = "<group>"; };
		181C48ED258260840005FF7A /* texture1.jpg */ = {isa = PBXFileReference; lastKnownFileType = image.jpeg; name = texture1.jpg; path = ../../texture1.jpg; sourceTree = "<group>"; };
		181FBF5B24F11595009A5874 /* VksFramebuffer.cpp */ = {isa = PBXFileReference; fileEncoding = 4; lastKnownFileType = sourcecode.cpp.cpp; name = VksFramebuffer.cpp; path = ../../VksFramebuffer.cpp; sourceTree = "<group>"; };
		181FBF5C24F11595009A5874 /* VksTexture.cpp */ = {isa = PBXFileReference; fileEncoding = 4; lastKnownFileType = sourcecode.cpp.cpp; name = VksTexture.cpp; path = ../../VksTexture.cpp; sourceTree = "<group>"; };
		181FBF5D24F11596009A5874 /* VksTexture.hpp */ = {isa = PBXFileReference; fileEncoding = 4; lastKnownFileType = sourcecode.cpp.h; name = VksTexture.hpp; path = ../../VksTexture.hpp; sourceTree = "<group>"; };
		181FBF5E24F11596009A5874 /* VksFramebuffer.hpp */ = {isa = PBXFileReference; fileEncoding = 4; lastKnownFileType = sourcecode.cpp.h; name = VksFramebuffer.hpp; path = ../../VksFramebuffer.hpp; sourceTree = "<group>"; };
		181FBF5F24F11596009A5874 /* stb_image.h */ = {isa = PBXFileReference; fileEncoding = 4; lastKnownFileType = sourcecode.c.h; name = stb_image.h; path = ../../stb_image.h; sourceTree = "<group>"; };
		181FBF6224F115A6009A5874 /* shaders */ = {isa = PBXFileReference; lastKnownFileType = folder; name = shaders; path = ../../shaders; sourceTree = "<group>"; };
		1820FB3924B9675D00053D94 /* libvulkan.1.2.131.dylib */ = {isa = PBXFileReference; lastKnownFileType = "compiled.mach-o.dylib"; name = libvulkan.1.2.131.dylib; path = "../../../../Downloads/vulkansdk-macos-1.2.131.2/macOS/lib/libvulkan.1.2.131.dylib"; sourceTree = "<group>"; };
		1820FB3A24B9675D00053D94 /* libvulkan.1.dylib */ = {isa = PBXFileReference; lastKnownFileType = "compiled.mach-o.dylib"; name = libvulkan.1.dylib; path = "../../../../Downloads/vulkansdk-macos-1.2.131.2/macOS/lib/libvulkan.1.dylib"; sourceTree = "<group>"; };
		183073262551944D00FBAF56 /* texture.jpg */ = {isa = PBXFileReference; lastKnownFileType = image.jpeg; name = texture.jpg; path = ../../texture.jpg; sourceTree = "<group>"; };
		1837BC5424D6638200A5B633 /* VksRenderPass.hpp */ = {isa = PBXFileReference; fileEncoding = 4; lastKnownFileType = sourcecode.cpp.h; name = VksRenderPass.hpp; path = ../../VksRenderPass.hpp; sourceTree = "<group>"; };
		1837BC5524D6638200A5B633 /* VksRenderPass.cpp */ = {isa = PBXFileReference; fileEncoding = 4; lastKnownFileType = sourcecode.cpp.cpp; name = VksRenderPass.cpp; path = ../../VksRenderPass.cpp; sourceTree = "<group>"; };
		18E98EF924BAB2CD00527066 /* VksGraphicPipeline.cpp */ = {isa = PBXFileReference; lastKnownFileType = sourcecode.cpp.cpp; name = VksGraphicPipeline.cpp; path = ../../VksGraphicPipeline.cpp; sourceTree = "<group>"; };
		18E98EFA24BAB2CD00527066 /* VksGraphicPipeline.hpp */ = {isa = PBXFileReference; lastKnownFileType = sourcecode.cpp.h; name = VksGraphicPipeline.hpp; path = ../../VksGraphicPipeline.hpp; sourceTree = "<group>"; };
		18E98EFC24BB08FB00527066 /* VksColorBlend.cpp */ = {isa = PBXFileReference; lastKnownFileType = sourcecode.cpp.cpp; name = VksColorBlend.cpp; path = ../../VksColorBlend.cpp; sourceTree = "<group>"; };
		18E98EFD24BB08FB00527066 /* VksColorBlend.hpp */ = {isa = PBXFileReference; lastKnownFileType = sourcecode.cpp.h; name = VksColorBlend.hpp; path = ../../VksColorBlend.hpp; sourceTree = "<group>"; };
		18E98EFF24BB115F00527066 /* VksDepthStencil.cpp */ = {isa = PBXFileReference; lastKnownFileType = sourcecode.cpp.cpp; name = VksDepthStencil.cpp; path = ../../VksDepthStencil.cpp; sourceTree = "<group>"; };
		18E98F0024BB115F00527066 /* VksDepthStencil.hpp */ = {isa = PBXFileReference; lastKnownFileType = sourcecode.cpp.h; name = VksDepthStencil.hpp; path = ../../VksDepthStencil.hpp; sourceTree = "<group>"; };
		4A254DB124B8326D002590CB /* Vulkan */ = {isa = PBXFileReference; explicitFileType = "compiled.mach-o.executable"; includeInIndex = 0; path = Vulkan; sourceTree = BUILT_PRODUCTS_DIR; };
		4A254DBC24B832C2002590CB /* VksCommand.hpp */ = {isa = PBXFileReference; fileEncoding = 4; lastKnownFileType = sourcecode.cpp.h; name = VksCommand.hpp; path = ../../VksCommand.hpp; sourceTree = "<group>"; };
		4A254DBD24B832C2002590CB /* VksBuffer.hpp */ = {isa = PBXFileReference; fileEncoding = 4; lastKnownFileType = sourcecode.cpp.h; name = VksBuffer.hpp; path = ../../VksBuffer.hpp; sourceTree = "<group>"; };
		4A254DBE24B832C2002590CB /* VksShaderProgram.hpp */ = {isa = PBXFileReference; fileEncoding = 4; lastKnownFileType = sourcecode.cpp.h; name = VksShaderProgram.hpp; path = ../../VksShaderProgram.hpp; sourceTree = "<group>"; };
		4A254DBF24B832C2002590CB /* VksSwapChain.hpp */ = {isa = PBXFileReference; fileEncoding = 4; lastKnownFileType = sourcecode.cpp.h; name = VksSwapChain.hpp; path = ../../VksSwapChain.hpp; sourceTree = "<group>"; };
		4A254DC024B832C2002590CB /* VkEngine.hpp */ = {isa = PBXFileReference; fileEncoding = 4; lastKnownFileType = sourcecode.cpp.h; name = VkEngine.hpp; path = ../../VkEngine.hpp; sourceTree = "<group>"; };
		4A254DC124B832C2002590CB /* VksBuffer.cpp */ = {isa = PBXFileReference; fileEncoding = 4; lastKnownFileType = sourcecode.cpp.cpp; name = VksBuffer.cpp; path = ../../VksBuffer.cpp; sourceTree = "<group>"; };
		4A254DC224B832C2002590CB /* main.cpp */ = {isa = PBXFileReference; fileEncoding = 4; lastKnownFileType = sourcecode.cpp.cpp; name = main.cpp; path = ../../main.cpp; sourceTree = "<group>"; };
		4A254DC324B832C2002590CB /* VkEngine.cpp */ = {isa = PBXFileReference; fileEncoding = 4; lastKnownFileType = sourcecode.cpp.cpp; name = VkEngine.cpp; path = ../../VkEngine.cpp; sourceTree = "<group>"; };
		4A254DC424B832C2002590CB /* VksShaderProgram.cpp */ = {isa = PBXFileReference; fileEncoding = 4; lastKnownFileType = sourcecode.cpp.cpp; name = VksShaderProgram.cpp; path = ../../VksShaderProgram.cpp; sourceTree = "<group>"; };
		4A254DC524B832C2002590CB /* VksSwapChain.cpp */ = {isa = PBXFileReference; fileEncoding = 4; lastKnownFileType = sourcecode.cpp.cpp; name = VksSwapChain.cpp; path = ../../VksSwapChain.cpp; sourceTree = "<group>"; };
		4A254DC624B832C2002590CB /* VksCommand.cpp */ = {isa = PBXFileReference; fileEncoding = 4; lastKnownFileType = sourcecode.cpp.cpp; name = VksCommand.cpp; path = ../../VksCommand.cpp; sourceTree = "<group>"; };
		4A254DCE24B83364002590CB /* libglfw.3.3.dylib */ = {isa = PBXFileReference; lastKnownFileType = "compiled.mach-o.dylib"; name = libglfw.3.3.dylib; path = ../../../../../../../usr/local/Cellar/glfw/3.3/lib/libglfw.3.3.dylib; sourceTree = "<group>"; };
		4A254DD724B854DB002590CB /* VksAttribute.hpp */ = {isa = PBXFileReference; lastKnownFileType = sourcecode.cpp.h; name = VksAttribute.hpp; path = ../../VksAttribute.hpp; sourceTree = "<group>"; };
		4A254DD824B85505002590CB /* VksAttribute.cpp */ = {isa = PBXFileReference; lastKnownFileType = sourcecode.cpp.cpp; name = VksAttribute.cpp; path = ../../VksAttribute.cpp; sourceTree = "<group>"; };
/* End PBXFileReference section */

/* Begin PBXFrameworksBuildPhase section */
		4A254DAE24B8326D002590CB /* Frameworks */ = {
			isa = PBXFrameworksBuildPhase;
			buildActionMask = 2147483647;
			files = (
				4A254DCF24B83364002590CB /* libglfw.3.3.dylib in Frameworks */,
				1820FB3B24B9675D00053D94 /* libvulkan.1.2.131.dylib in Frameworks */,
				1820FB3C24B9675D00053D94 /* libvulkan.1.dylib in Frameworks */,
			);
			runOnlyForDeploymentPostprocessing = 0;
		};
/* End PBXFrameworksBuildPhase section */

/* Begin PBXGroup section */
		1811DB952549ACCA0009472F /* Demo */ = {
			isa = PBXGroup;
			children = (
				1811DB982549ACE70009472F /* depth_example.cpp */,
				181C48E725825FEA0005FF7A /* compute_example.cpp */,
				1811DB962549ACE70009472F /* texture.cpp */,
				1811DB972549ACE70009472F /* triangle.cpp */,
			);
			name = Demo;
			sourceTree = "<group>";
		};
		4A254DA824B8326D002590CB = {
			isa = PBXGroup;
			children = (
				181C48ED258260840005FF7A /* texture1.jpg */,
				183073262551944D00FBAF56 /* texture.jpg */,
				181FBF6224F115A6009A5874 /* shaders */,
				4A254DBB24B832A4002590CB /* Sources */,
				4A254DB224B8326D002590CB /* Products */,
				4A254DCD24B83364002590CB /* Frameworks */,
			);
			sourceTree = "<group>";
		};
		4A254DB224B8326D002590CB /* Products */ = {
			isa = PBXGroup;
			children = (
				4A254DB124B8326D002590CB /* Vulkan */,
			);
			name = Products;
			sourceTree = "<group>";
		};
		4A254DBB24B832A4002590CB /* Sources */ = {
			isa = PBXGroup;
			children = (
				1811DB952549ACCA0009472F /* Demo */,
				181FBF5F24F11596009A5874 /* stb_image.h */,
				181FBF5B24F11595009A5874 /* VksFramebuffer.cpp */,
				181FBF5E24F11596009A5874 /* VksFramebuffer.hpp */,
				181FBF5C24F11595009A5874 /* VksTexture.cpp */,
				181FBF5D24F11596009A5874 /* VksTexture.hpp */,
				1837BC5524D6638200A5B633 /* VksRenderPass.cpp */,
				1837BC5424D6638200A5B633 /* VksRenderPass.hpp */,
				4A254DC224B832C2002590CB /* main.cpp */,
				4A254DC324B832C2002590CB /* VkEngine.cpp */,
				4A254DC024B832C2002590CB /* VkEngine.hpp */,
				4A254DC124B832C2002590CB /* VksBuffer.cpp */,
				4A254DBD24B832C2002590CB /* VksBuffer.hpp */,
				4A254DC624B832C2002590CB /* VksCommand.cpp */,
				4A254DBC24B832C2002590CB /* VksCommand.hpp */,
				181C48EB258260280005FF7A /* VksBarrier.cpp */,
				181C48EA258260280005FF7A /* VksBarrier.hpp */,
				4A254DC424B832C2002590CB /* VksShaderProgram.cpp */,
				4A254DBE24B832C2002590CB /* VksShaderProgram.hpp */,
				4A254DC524B832C2002590CB /* VksSwapChain.cpp */,
				4A254DBF24B832C2002590CB /* VksSwapChain.hpp */,
				4A254DD724B854DB002590CB /* VksAttribute.hpp */,
				4A254DD824B85505002590CB /* VksAttribute.cpp */,
				18E98EF924BAB2CD00527066 /* VksGraphicPipeline.cpp */,
				18E98EFA24BAB2CD00527066 /* VksGraphicPipeline.hpp */,
				181C48E9258260100005FF7A /* VksCompute.hpp */,
				18E98EFC24BB08FB00527066 /* VksColorBlend.cpp */,
				18E98EFD24BB08FB00527066 /* VksColorBlend.hpp */,
				18E98EFF24BB115F00527066 /* VksDepthStencil.cpp */,
				18E98F0024BB115F00527066 /* VksDepthStencil.hpp */,
			);
			name = Sources;
			sourceTree = "<group>";
		};
		4A254DCD24B83364002590CB /* Frameworks */ = {
			isa = PBXGroup;
			children = (
				1820FB3924B9675D00053D94 /* libvulkan.1.2.131.dylib */,
				1820FB3A24B9675D00053D94 /* libvulkan.1.dylib */,
				4A254DCE24B83364002590CB /* libglfw.3.3.dylib */,
			);
			name = Frameworks;
			sourceTree = "<group>";
		};
/* End PBXGroup section */

/* Begin PBXNativeTarget section */
		4A254DB024B8326D002590CB /* Vulkan */ = {
			isa = PBXNativeTarget;
			buildConfigurationList = 4A254DB824B8326D002590CB /* Build configuration list for PBXNativeTarget "Vulkan" */;
			buildPhases = (
				4A254DAD24B8326D002590CB /* Sources */,
				4A254DAE24B8326D002590CB /* Frameworks */,
				4A254DAF24B8326D002590CB /* CopyFiles */,
			);
			buildRules = (
			);
			dependencies = (
			);
			name = Vulkan;
			productName = Vulkan;
			productReference = 4A254DB124B8326D002590CB /* Vulkan */;
			productType = "com.apple.product-type.tool";
		};
/* End PBXNativeTarget section */

/* Begin PBXProject section */
		4A254DA924B8326D002590CB /* Project object */ = {
			isa = PBXProject;
			attributes = {
				LastUpgradeCheck = 1000;
				ORGANIZATIONNAME = larry;
				TargetAttributes = {
					4A254DB024B8326D002590CB = {
						CreatedOnToolsVersion = 10.0;
					};
				};
			};
			buildConfigurationList = 4A254DAC24B8326D002590CB /* Build configuration list for PBXProject "Vulkan" */;
			compatibilityVersion = "Xcode 9.3";
			developmentRegion = en;
			hasScannedForEncodings = 0;
			knownRegions = (
				en,
			);
			mainGroup = 4A254DA824B8326D002590CB;
			productRefGroup = 4A254DB224B8326D002590CB /* Products */;
			projectDirPath = "";
			projectRoot = "";
			targets = (
				4A254DB024B8326D002590CB /* Vulkan */,
			);
		};
/* End PBXProject section */

/* Begin PBXSourcesBuildPhase section */
		4A254DAD24B8326D002590CB /* Sources */ = {
			isa = PBXSourcesBuildPhase;
			buildActionMask = 2147483647;
			files = (
				18E98EFE24BB08FB00527066 /* VksColorBlend.cpp in Sources */,
				4A254DCA24B832C2002590CB /* VksShaderProgram.cpp in Sources */,
				4A254DC924B832C2002590CB /* VkEngine.cpp in Sources */,
				181C48E825825FEA0005FF7A /* compute_example.cpp in Sources */,
				4A254DC824B832C2002590CB /* main.cpp in Sources */,
				1837BC5624D6638200A5B633 /* VksRenderPass.cpp in Sources */,
				4A254DC724B832C2002590CB /* VksBuffer.cpp in Sources */,
				4A254DD924B85505002590CB /* VksAttribute.cpp in Sources */,
				4A254DCC24B832C2002590CB /* VksCommand.cpp in Sources */,
				181FBF6124F11596009A5874 /* VksTexture.cpp in Sources */,
				181C48EC258260280005FF7A /* VksBarrier.cpp in Sources */,
				181FBF6024F11596009A5874 /* VksFramebuffer.cpp in Sources */,
				4A254DCB24B832C2002590CB /* VksSwapChain.cpp in Sources */,
				18E98EFB24BAB2CD00527066 /* VksGraphicPipeline.cpp in Sources */,
				1811DB9A2549ACE80009472F /* triangle.cpp in Sources */,
				18E98F0124BB115F00527066 /* VksDepthStencil.cpp in Sources */,
			);
			runOnlyForDeploymentPostprocessing = 0;
		};
/* End PBXSourcesBuildPhase section */

/* Begin XCBuildConfiguration section */
		4A254DB624B8326D002590CB /* Debug */ = {
			isa = XCBuildConfiguration;
			buildSettings = {
				ALWAYS_SEARCH_USER_PATHS = NO;
				CLANG_ANALYZER_NONNULL = YES;
				CLANG_ANALYZER_NUMBER_OBJECT_CONVERSION = YES_AGGRESSIVE;
				CLANG_CXX_LANGUAGE_STANDARD = "c++17";
				CLANG_CXX_LIBRARY = "libc++";
				CLANG_ENABLE_MODULES = YES;
				CLANG_ENABLE_OBJC_ARC = YES;
				CLANG_ENABLE_OBJC_WEAK = YES;
				CLANG_WARN_BLOCK_CAPTURE_AUTORELEASING = YES;
				CLANG_WARN_BOOL_CONVERSION = YES;
				CLANG_WARN_COMMA = YES;
				CLANG_WARN_CONSTANT_CONVERSION = YES;
				CLANG_WARN_DEPRECATED_OBJC_IMPLEMENTATIONS = YES;
				CLANG_WARN_DIRECT_OBJC_ISA_USAGE = YES_ERROR;
				CLANG_WARN_DOCUMENTATION_COMMENTS = YES;
				CLANG_WARN_EMPTY_BODY = YES;
				CLANG_WARN_ENUM_CONVERSION = YES;
				CLANG_WARN_INFINITE_RECURSION = YES;
				CLANG_WARN_INT_CONVERSION = YES;
				CLANG_WARN_NON_LITERAL_NULL_CONVERSION = YES;
				CLANG_WARN_OBJC_IMPLICIT_RETAIN_SELF = YES;
				CLANG_WARN_OBJC_LITERAL_CONVERSION = YES;
				CLANG_WARN_OBJC_ROOT_CLASS = YES_ERROR;
				CLANG_WARN_RANGE_LOOP_ANALYSIS = YES;
				CLANG_WARN_STRICT_PROTOTYPES = YES;
				CLANG_WARN_SUSPICIOUS_MOVE = YES;
				CLANG_WARN_UNGUARDED_AVAILABILITY = YES_AGGRESSIVE;
				CLANG_WARN_UNREACHABLE_CODE = YES;
				CLANG_WARN__DUPLICATE_METHOD_MATCH = YES;
				CODE_SIGN_IDENTITY = "Mac Developer";
				COPY_PHASE_STRIP = NO;
				DEBUG_INFORMATION_FORMAT = dwarf;
				ENABLE_STRICT_OBJC_MSGSEND = YES;
				ENABLE_TESTABILITY = YES;
				GCC_C_LANGUAGE_STANDARD = gnu11;
				GCC_DYNAMIC_NO_PIC = NO;
				GCC_NO_COMMON_BLOCKS = YES;
				GCC_OPTIMIZATION_LEVEL = 0;
				GCC_PREPROCESSOR_DEFINITIONS = (
					"DEBUG=1",
					"$(inherited)",
				);
				GCC_WARN_64_TO_32_BIT_CONVERSION = YES;
				GCC_WARN_ABOUT_RETURN_TYPE = YES_ERROR;
				GCC_WARN_UNDECLARED_SELECTOR = YES;
				GCC_WARN_UNINITIALIZED_AUTOS = YES_AGGRESSIVE;
				GCC_WARN_UNUSED_FUNCTION = YES;
				GCC_WARN_UNUSED_VARIABLE = YES;
				HEADER_SEARCH_PATHS = (
					"/Users/apple/Downloads/vulkansdk-macos-1.2.131.2/macOS/include",
					/usr/local/include,
				);
				LIBRARY_SEARCH_PATHS = (
					"/Users/apple/Downloads/vulkansdk-macos-1.2.131.2/macOS/lib",
					/usr/local/lib,
				);
				MACOSX_DEPLOYMENT_TARGET = 10.14;
				MTL_ENABLE_DEBUG_INFO = INCLUDE_SOURCE;
				MTL_FAST_MATH = YES;
				ONLY_ACTIVE_ARCH = YES;
				SDKROOT = macosx;
			};
			name = Debug;
		};
		4A254DB724B8326D002590CB /* Release */ = {
			isa = XCBuildConfiguration;
			buildSettings = {
				ALWAYS_SEARCH_USER_PATHS = NO;
				CLANG_ANALYZER_NONNULL = YES;
				CLANG_ANALYZER_NUMBER_OBJECT_CONVERSION = YES_AGGRESSIVE;
				CLANG_CXX_LANGUAGE_STANDARD = "c++17";
				CLANG_CXX_LIBRARY = "libc++";
				CLANG_ENABLE_MODULES = YES;
				CLANG_ENABLE_OBJC_ARC = YES;
				CLANG_ENABLE_OBJC_WEAK = YES;
				CLANG_WARN_BLOCK_CAPTURE_AUTORELEASING = YES;
				CLANG_WARN_BOOL_CONVERSION = YES;
				CLANG_WARN_COMMA = YES;
				CLANG_WARN_CONSTANT_CONVERSION = YES;
				CLANG_WARN_DEPRECATED_OBJC_IMPLEMENTATIONS = YES;
				CLANG_WARN_DIRECT_OBJC_ISA_USAGE = YES_ERROR;
				CLANG_WARN_DOCUMENTATION_COMMENTS = YES;
				CLANG_WARN_EMPTY_BODY = YES;
				CLANG_WARN_ENUM_CONVERSION = YES;
				CLANG_WARN_INFINITE_RECURSION = YES;
				CLANG_WARN_INT_CONVERSION = YES;
				CLANG_WARN_NON_LITERAL_NULL_CONVERSION = YES;
				CLANG_WARN_OBJC_IMPLICIT_RETAIN_SELF = YES;
				CLANG_WARN_OBJC_LITERAL_CONVERSION = YES;
				CLANG_WARN_OBJC_ROOT_CLASS = YES_ERROR;
				CLANG_WARN_RANGE_LOOP_ANALYSIS = YES;
				CLANG_WARN_STRICT_PROTOTYPES = YES;
				CLANG_WARN_SUSPICIOUS_MOVE = YES;
				CLANG_WARN_UNGUARDED_AVAILABILITY = YES_AGGRESSIVE;
				CLANG_WARN_UNREACHABLE_CODE = YES;
				CLANG_WARN__DUPLICATE_METHOD_MATCH = YES;
				CODE_SIGN_IDENTITY = "Mac Developer";
				COPY_PHASE_STRIP = NO;
				DEBUG_INFORMATION_FORMAT = "dwarf-with-dsym";
				ENABLE_NS_ASSERTIONS = NO;
				ENABLE_STRICT_OBJC_MSGSEND = YES;
				GCC_C_LANGUAGE_STANDARD = gnu11;
				GCC_NO_COMMON_BLOCKS = YES;
				GCC_WARN_64_TO_32_BIT_CONVERSION = YES;
				GCC_WARN_ABOUT_RETURN_TYPE = YES_ERROR;
				GCC_WARN_UNDECLARED_SELECTOR = YES;
				GCC_WARN_UNINITIALIZED_AUTOS = YES_AGGRESSIVE;
				GCC_WARN_UNUSED_FUNCTION = YES;
				GCC_WARN_UNUSED_VARIABLE = YES;
				HEADER_SEARCH_PATHS = (
					"/Users/apple/Downloads/vulkansdk-macos-1.2.131.2/macOS/include",
					/usr/local/include,
				);
				LIBRARY_SEARCH_PATHS = (
					"/Users/apple/Downloads/vulkansdk-macos-1.2.131.2/macOS/lib",
					/usr/local/lib,
				);
				MACOSX_DEPLOYMENT_TARGET = 10.14;
				MTL_ENABLE_DEBUG_INFO = NO;
				MTL_FAST_MATH = YES;
				SDKROOT = macosx;
			};
			name = Release;
		};
		4A254DB924B8326D002590CB /* Debug */ = {
			isa = XCBuildConfiguration;
			buildSettings = {
				CODE_SIGN_STYLE = Automatic;
				DEVELOPMENT_TEAM = 7WU7P9MZBN;
				HEADER_SEARCH_PATHS = (
					"/Users/apple/Downloads/vulkansdk-macos-1.2.131.2/macOS/include",
					/usr/local/include,
				);
				LIBRARY_SEARCH_PATHS = (
					"/Users/apple/Downloads/vulkansdk-macos-1.2.131.2/macOS/lib",
					/usr/local/Cellar/glfw/3.3/lib,
				);
				PRODUCT_NAME = "$(TARGET_NAME)";
			};
			name = Debug;
		};
		4A254DBA24B8326D002590CB /* Release */ = {
			isa = XCBuildConfiguration;
			buildSettings = {
				CODE_SIGN_STYLE = Automatic;
				DEVELOPMENT_TEAM = 7WU7P9MZBN;
				HEADER_SEARCH_PATHS = (
					"/Users/apple/Downloads/vulkansdk-macos-1.2.131.2/macOS/include",
					/usr/local/include,
				);
				LIBRARY_SEARCH_PATHS = (
					"/Users/apple/Downloads/vulkansdk-macos-1.2.131.2/macOS/lib",
					/usr/local/Cellar/glfw/3.3/lib,
				);
				PRODUCT_NAME = "$(TARGET_NAME)";
			};
			name = Release;
		};
/* End XCBuildConfiguration section */

/* Begin XCConfigurationList section */
		4A254DAC24B8326D002590CB /* Build configuration list for PBXProject "Vulkan" */ = {
			isa = XCConfigurationList;
			buildConfigurations = (
				4A254DB624B8326D002590CB /* Debug */,
				4A254DB724B8326D002590CB /* Release */,
			);
			defaultConfigurationIsVisible = 0;
			defaultConfigurationName = Release;
		};
		4A254DB824B8326D002590CB /* Build configuration list for PBXNativeTarget "Vulkan" */ = {
			isa = XCConfigurationList;
			buildConfigurations = (
				4A254DB924B8326D002590CB /* Debug */,
				4A254DBA24B8326D002590CB /* Release */,
			);
			defaultConfigurationIsVisible = 0;
			defaultConfigurationName = Release;
		};
/* End XCConfigurationList section */
	};
	rootObject = 4A254DA924B8326D002590CB /* Project object */;
}
